// !$*UTF8*$!
{
	archiveVersion = 1;
	classes = {
	};
	objectVersion = 50;
	objects = {

/* Begin PBXBuildFile section */
		049C3BF52566F54300176456 /* AppDelegate.swift in Sources */ = {isa = PBXBuildFile; fileRef = 049C3BF42566F54300176456 /* AppDelegate.swift */; };
		049C3BF72566F54300176456 /* SceneDelegate.swift in Sources */ = {isa = PBXBuildFile; fileRef = 049C3BF62566F54300176456 /* SceneDelegate.swift */; };
		049C3BF92566F54300176456 /* ViewController.swift in Sources */ = {isa = PBXBuildFile; fileRef = 049C3BF82566F54300176456 /* ViewController.swift */; };
		049C3BFC2566F54300176456 /* Main.storyboard in Resources */ = {isa = PBXBuildFile; fileRef = 049C3BFA2566F54300176456 /* Main.storyboard */; };
		049C3BFE2566F54500176456 /* Assets.xcassets in Resources */ = {isa = PBXBuildFile; fileRef = 049C3BFD2566F54500176456 /* Assets.xcassets */; };
		049C3C012566F54500176456 /* LaunchScreen.storyboard in Resources */ = {isa = PBXBuildFile; fileRef = 049C3BFF2566F54500176456 /* LaunchScreen.storyboard */; };
		049C3C0C2566F54500176456 /* Pick_A_PathTests.swift in Sources */ = {isa = PBXBuildFile; fileRef = 049C3C0B2566F54500176456 /* Pick_A_PathTests.swift */; };
		049C3C172566F54600176456 /* Pick_A_PathUITests.swift in Sources */ = {isa = PBXBuildFile; fileRef = 049C3C162566F54600176456 /* Pick_A_PathUITests.swift */; };
/* End PBXBuildFile section */

/* Begin PBXContainerItemProxy section */
		049C3C082566F54500176456 /* PBXContainerItemProxy */ = {
			isa = PBXContainerItemProxy;
			containerPortal = 049C3BE92566F54300176456 /* Project object */;
			proxyType = 1;
			remoteGlobalIDString = 049C3BF02566F54300176456;
			remoteInfo = "Pick-A-Path";
		};
		049C3C132566F54600176456 /* PBXContainerItemProxy */ = {
			isa = PBXContainerItemProxy;
			containerPortal = 049C3BE92566F54300176456 /* Project object */;
			proxyType = 1;
			remoteGlobalIDString = 049C3BF02566F54300176456;
			remoteInfo = "Pick-A-Path";
		};
/* End PBXContainerItemProxy section */

/* Begin PBXFileReference section */
		049C3BF12566F54300176456 /* Pick-A-Path.app */ = {isa = PBXFileReference; explicitFileType = wrapper.application; includeInIndex = 0; path = "Pick-A-Path.app"; sourceTree = BUILT_PRODUCTS_DIR; };
		049C3BF42566F54300176456 /* AppDelegate.swift */ = {isa = PBXFileReference; lastKnownFileType = sourcecode.swift; path = AppDelegate.swift; sourceTree = "<group>"; };
		049C3BF62566F54300176456 /* SceneDelegate.swift */ = {isa = PBXFileReference; lastKnownFileType = sourcecode.swift; path = SceneDelegate.swift; sourceTree = "<group>"; };
		049C3BF82566F54300176456 /* ViewController.swift */ = {isa = PBXFileReference; lastKnownFileType = sourcecode.swift; path = ViewController.swift; sourceTree = "<group>"; };
		049C3BFB2566F54300176456 /* Base */ = {isa = PBXFileReference; lastKnownFileType = file.storyboard; name = Base; path = Base.lproj/Main.storyboard; sourceTree = "<group>"; };
		049C3BFD2566F54500176456 /* Assets.xcassets */ = {isa = PBXFileReference; lastKnownFileType = folder.assetcatalog; path = Assets.xcassets; sourceTree = "<group>"; };
		049C3C002566F54500176456 /* Base */ = {isa = PBXFileReference; lastKnownFileType = file.storyboard; name = Base; path = Base.lproj/LaunchScreen.storyboard; sourceTree = "<group>"; };
		049C3C022566F54500176456 /* Info.plist */ = {isa = PBXFileReference; lastKnownFileType = text.plist.xml; path = Info.plist; sourceTree = "<group>"; };
		049C3C072566F54500176456 /* Pick-A-PathTests.xctest */ = {isa = PBXFileReference; explicitFileType = wrapper.cfbundle; includeInIndex = 0; path = "Pick-A-PathTests.xctest"; sourceTree = BUILT_PRODUCTS_DIR; };
		049C3C0B2566F54500176456 /* Pick_A_PathTests.swift */ = {isa = PBXFileReference; lastKnownFileType = sourcecode.swift; path = Pick_A_PathTests.swift; sourceTree = "<group>"; };
		049C3C0D2566F54500176456 /* Info.plist */ = {isa = PBXFileReference; lastKnownFileType = text.plist.xml; path = Info.plist; sourceTree = "<group>"; };
		049C3C122566F54600176456 /* Pick-A-PathUITests.xctest */ = {isa = PBXFileReference; explicitFileType = wrapper.cfbundle; includeInIndex = 0; path = "Pick-A-PathUITests.xctest"; sourceTree = BUILT_PRODUCTS_DIR; };
		049C3C162566F54600176456 /* Pick_A_PathUITests.swift */ = {isa = PBXFileReference; lastKnownFileType = sourcecode.swift; path = Pick_A_PathUITests.swift; sourceTree = "<group>"; };
		049C3C182566F54600176456 /* Info.plist */ = {isa = PBXFileReference; lastKnownFileType = text.plist.xml; path = Info.plist; sourceTree = "<group>"; };
/* End PBXFileReference section */

/* Begin PBXFrameworksBuildPhase section */
		049C3BEE2566F54300176456 /* Frameworks */ = {
			isa = PBXFrameworksBuildPhase;
			buildActionMask = 2147483647;
			files = (
			);
			runOnlyForDeploymentPostprocessing = 0;
		};
		049C3C042566F54500176456 /* Frameworks */ = {
			isa = PBXFrameworksBuildPhase;
			buildActionMask = 2147483647;
			files = (
			);
			runOnlyForDeploymentPostprocessing = 0;
		};
		049C3C0F2566F54600176456 /* Frameworks */ = {
			isa = PBXFrameworksBuildPhase;
			buildActionMask = 2147483647;
			files = (
			);
			runOnlyForDeploymentPostprocessing = 0;
		};
/* End PBXFrameworksBuildPhase section */

/* Begin PBXGroup section */
		049C3BE82566F54300176456 = {
			isa = PBXGroup;
			children = (
				049C3BF32566F54300176456 /* Pick-A-Path */,
				049C3C0A2566F54500176456 /* Pick-A-PathTests */,
				049C3C152566F54600176456 /* Pick-A-PathUITests */,
				049C3BF22566F54300176456 /* Products */,
			);
			sourceTree = "<group>";
		};
		049C3BF22566F54300176456 /* Products */ = {
			isa = PBXGroup;
			children = (
				049C3BF12566F54300176456 /* Pick-A-Path.app */,
				049C3C072566F54500176456 /* Pick-A-PathTests.xctest */,
				049C3C122566F54600176456 /* Pick-A-PathUITests.xctest */,
			);
			name = Products;
			sourceTree = "<group>";
		};
		049C3BF32566F54300176456 /* Pick-A-Path */ = {
			isa = PBXGroup;
			children = (
				049C3BF42566F54300176456 /* AppDelegate.swift */,
				049C3BF62566F54300176456 /* SceneDelegate.swift */,
				049C3BF82566F54300176456 /* ViewController.swift */,
				049C3BFA2566F54300176456 /* Main.storyboard */,
				049C3BFD2566F54500176456 /* Assets.xcassets */,
				049C3BFF2566F54500176456 /* LaunchScreen.storyboard */,
				049C3C022566F54500176456 /* Info.plist */,
			);
			path = "Pick-A-Path";
			sourceTree = "<group>";
		};
		049C3C0A2566F54500176456 /* Pick-A-PathTests */ = {
			isa = PBXGroup;
			children = (
				049C3C0B2566F54500176456 /* Pick_A_PathTests.swift */,
				049C3C0D2566F54500176456 /* Info.plist */,
			);
			path = "Pick-A-PathTests";
			sourceTree = "<group>";
		};
		049C3C152566F54600176456 /* Pick-A-PathUITests */ = {
			isa = PBXGroup;
			children = (
				049C3C162566F54600176456 /* Pick_A_PathUITests.swift */,
				049C3C182566F54600176456 /* Info.plist */,
			);
			path = "Pick-A-PathUITests";
			sourceTree = "<group>";
		};
/* End PBXGroup section */

/* Begin PBXNativeTarget section */
		049C3BF02566F54300176456 /* Pick-A-Path */ = {
			isa = PBXNativeTarget;
			buildConfigurationList = 049C3C1B2566F54600176456 /* Build configuration list for PBXNativeTarget "Pick-A-Path" */;
			buildPhases = (
				049C3BED2566F54300176456 /* Sources */,
				049C3BEE2566F54300176456 /* Frameworks */,
				049C3BEF2566F54300176456 /* Resources */,
			);
			buildRules = (
			);
			dependencies = (
			);
			name = "Pick-A-Path";
			productName = "Pick-A-Path";
			productReference = 049C3BF12566F54300176456 /* Pick-A-Path.app */;
			productType = "com.apple.product-type.application";
		};
		049C3C062566F54500176456 /* Pick-A-PathTests */ = {
			isa = PBXNativeTarget;
			buildConfigurationList = 049C3C1E2566F54600176456 /* Build configuration list for PBXNativeTarget "Pick-A-PathTests" */;
			buildPhases = (
				049C3C032566F54500176456 /* Sources */,
				049C3C042566F54500176456 /* Frameworks */,
				049C3C052566F54500176456 /* Resources */,
			);
			buildRules = (
			);
			dependencies = (
				049C3C092566F54500176456 /* PBXTargetDependency */,
			);
			name = "Pick-A-PathTests";
			productName = "Pick-A-PathTests";
			productReference = 049C3C072566F54500176456 /* Pick-A-PathTests.xctest */;
			productType = "com.apple.product-type.bundle.unit-test";
		};
		049C3C112566F54600176456 /* Pick-A-PathUITests */ = {
			isa = PBXNativeTarget;
			buildConfigurationList = 049C3C212566F54600176456 /* Build configuration list for PBXNativeTarget "Pick-A-PathUITests" */;
			buildPhases = (
				049C3C0E2566F54600176456 /* Sources */,
				049C3C0F2566F54600176456 /* Frameworks */,
				049C3C102566F54600176456 /* Resources */,
			);
			buildRules = (
			);
			dependencies = (
				049C3C142566F54600176456 /* PBXTargetDependency */,
			);
			name = "Pick-A-PathUITests";
			productName = "Pick-A-PathUITests";
			productReference = 049C3C122566F54600176456 /* Pick-A-PathUITests.xctest */;
			productType = "com.apple.product-type.bundle.ui-testing";
		};
/* End PBXNativeTarget section */

/* Begin PBXProject section */
		049C3BE92566F54300176456 /* Project object */ = {
			isa = PBXProject;
			attributes = {
				LastSwiftUpdateCheck = 1130;
				LastUpgradeCheck = 1130;
				ORGANIZATIONNAME = "Katelyn Patrick";
				TargetAttributes = {
					049C3BF02566F54300176456 = {
						CreatedOnToolsVersion = 11.3.1;
					};
					049C3C062566F54500176456 = {
						CreatedOnToolsVersion = 11.3.1;
						TestTargetID = 049C3BF02566F54300176456;
					};
					049C3C112566F54600176456 = {
						CreatedOnToolsVersion = 11.3.1;
						TestTargetID = 049C3BF02566F54300176456;
					};
				};
			};
			buildConfigurationList = 049C3BEC2566F54300176456 /* Build configuration list for PBXProject "Pick-A-Path" */;
			compatibilityVersion = "Xcode 9.3";
			developmentRegion = en;
			hasScannedForEncodings = 0;
			knownRegions = (
				en,
				Base,
			);
			mainGroup = 049C3BE82566F54300176456;
			productRefGroup = 049C3BF22566F54300176456 /* Products */;
			projectDirPath = "";
			projectRoot = "";
			targets = (
				049C3BF02566F54300176456 /* Pick-A-Path */,
				049C3C062566F54500176456 /* Pick-A-PathTests */,
				049C3C112566F54600176456 /* Pick-A-PathUITests */,
			);
		};
/* End PBXProject section */

/* Begin PBXResourcesBuildPhase section */
		049C3BEF2566F54300176456 /* Resources */ = {
			isa = PBXResourcesBuildPhase;
			buildActionMask = 2147483647;
			files = (
				049C3C012566F54500176456 /* LaunchScreen.storyboard in Resources */,
				049C3BFE2566F54500176456 /* Assets.xcassets in Resources */,
				049C3BFC2566F54300176456 /* Main.storyboard in Resources */,
			);
			runOnlyForDeploymentPostprocessing = 0;
		};
		049C3C052566F54500176456 /* Resources */ = {
			isa = PBXResourcesBuildPhase;
			buildActionMask = 2147483647;
			files = (
			);
			runOnlyForDeploymentPostprocessing = 0;
		};
		049C3C102566F54600176456 /* Resources */ = {
			isa = PBXResourcesBuildPhase;
			buildActionMask = 2147483647;
			files = (
			);
			runOnlyForDeploymentPostprocessing = 0;
		};
/* End PBXResourcesBuildPhase section */

/* Begin PBXSourcesBuildPhase section */
		049C3BED2566F54300176456 /* Sources */ = {
			isa = PBXSourcesBuildPhase;
			buildActionMask = 2147483647;
			files = (
				049C3BF92566F54300176456 /* ViewController.swift in Sources */,
				049C3BF52566F54300176456 /* AppDelegate.swift in Sources */,
				049C3BF72566F54300176456 /* SceneDelegate.swift in Sources */,
			);
			runOnlyForDeploymentPostprocessing = 0;
		};
		049C3C032566F54500176456 /* Sources */ = {
			isa = PBXSourcesBuildPhase;
			buildActionMask = 2147483647;
			files = (
				049C3C0C2566F54500176456 /* Pick_A_PathTests.swift in Sources */,
			);
			runOnlyForDeploymentPostprocessing = 0;
		};
		049C3C0E2566F54600176456 /* Sources */ = {
			isa = PBXSourcesBuildPhase;
			buildActionMask = 2147483647;
			files = (
				049C3C172566F54600176456 /* Pick_A_PathUITests.swift in Sources */,
			);
			runOnlyForDeploymentPostprocessing = 0;
		};
/* End PBXSourcesBuildPhase section */

/* Begin PBXTargetDependency section */
		049C3C092566F54500176456 /* PBXTargetDependency */ = {
			isa = PBXTargetDependency;
			target = 049C3BF02566F54300176456 /* Pick-A-Path */;
			targetProxy = 049C3C082566F54500176456 /* PBXContainerItemProxy */;
		};
		049C3C142566F54600176456 /* PBXTargetDependency */ = {
			isa = PBXTargetDependency;
			target = 049C3BF02566F54300176456 /* Pick-A-Path */;
			targetProxy = 049C3C132566F54600176456 /* PBXContainerItemProxy */;
		};
/* End PBXTargetDependency section */

/* Begin PBXVariantGroup section */
		049C3BFA2566F54300176456 /* Main.storyboard */ = {
			isa = PBXVariantGroup;
			children = (
				049C3BFB2566F54300176456 /* Base */,
			);
			name = Main.storyboard;
			sourceTree = "<group>";
		};
		049C3BFF2566F54500176456 /* LaunchScreen.storyboard */ = {
			isa = PBXVariantGroup;
			children = (
				049C3C002566F54500176456 /* Base */,
			);
			name = LaunchScreen.storyboard;
			sourceTree = "<group>";
		};
/* End PBXVariantGroup section */

/* Begin XCBuildConfiguration section */
		049C3C192566F54600176456 /* Debug */ = {
			isa = XCBuildConfiguration;
			buildSettings = {
				ALWAYS_SEARCH_USER_PATHS = NO;
				CLANG_ANALYZER_NONNULL = YES;
				CLANG_ANALYZER_NUMBER_OBJECT_CONVERSION = YES_AGGRESSIVE;
				CLANG_CXX_LANGUAGE_STANDARD = "gnu++14";
				CLANG_CXX_LIBRARY = "libc++";
				CLANG_ENABLE_MODULES = YES;
				CLANG_ENABLE_OBJC_ARC = YES;
				CLANG_ENABLE_OBJC_WEAK = YES;
				CLANG_WARN_BLOCK_CAPTURE_AUTORELEASING = YES;
				CLANG_WARN_BOOL_CONVERSION = YES;
				CLANG_WARN_COMMA = YES;
				CLANG_WARN_CONSTANT_CONVERSION = YES;
				CLANG_WARN_DEPRECATED_OBJC_IMPLEMENTATIONS = YES;
				CLANG_WARN_DIRECT_OBJC_ISA_USAGE = YES_ERROR;
				CLANG_WARN_DOCUMENTATION_COMMENTS = YES;
				CLANG_WARN_EMPTY_BODY = YES;
				CLANG_WARN_ENUM_CONVERSION = YES;
				CLANG_WARN_INFINITE_RECURSION = YES;
				CLANG_WARN_INT_CONVERSION = YES;
				CLANG_WARN_NON_LITERAL_NULL_CONVERSION = YES;
				CLANG_WARN_OBJC_IMPLICIT_RETAIN_SELF = YES;
				CLANG_WARN_OBJC_LITERAL_CONVERSION = YES;
				CLANG_WARN_OBJC_ROOT_CLASS = YES_ERROR;
				CLANG_WARN_RANGE_LOOP_ANALYSIS = YES;
				CLANG_WARN_STRICT_PROTOTYPES = YES;
				CLANG_WARN_SUSPICIOUS_MOVE = YES;
				CLANG_WARN_UNGUARDED_AVAILABILITY = YES_AGGRESSIVE;
				CLANG_WARN_UNREACHABLE_CODE = YES;
				CLANG_WARN__DUPLICATE_METHOD_MATCH = YES;
				COPY_PHASE_STRIP = NO;
				DEBUG_INFORMATION_FORMAT = dwarf;
				ENABLE_STRICT_OBJC_MSGSEND = YES;
				ENABLE_TESTABILITY = YES;
				GCC_C_LANGUAGE_STANDARD = gnu11;
				GCC_DYNAMIC_NO_PIC = NO;
				GCC_NO_COMMON_BLOCKS = YES;
				GCC_OPTIMIZATION_LEVEL = 0;
				GCC_PREPROCESSOR_DEFINITIONS = (
					"DEBUG=1",
					"$(inherited)",
				);
				GCC_WARN_64_TO_32_BIT_CONVERSION = YES;
				GCC_WARN_ABOUT_RETURN_TYPE = YES_ERROR;
				GCC_WARN_UNDECLARED_SELECTOR = YES;
				GCC_WARN_UNINITIALIZED_AUTOS = YES_AGGRESSIVE;
				GCC_WARN_UNUSED_FUNCTION = YES;
				GCC_WARN_UNUSED_VARIABLE = YES;
				IPHONEOS_DEPLOYMENT_TARGET = 13.2;
				MTL_ENABLE_DEBUG_INFO = INCLUDE_SOURCE;
				MTL_FAST_MATH = YES;
				ONLY_ACTIVE_ARCH = YES;
				SDKROOT = iphoneos;
				SWIFT_ACTIVE_COMPILATION_CONDITIONS = DEBUG;
				SWIFT_OPTIMIZATION_LEVEL = "-Onone";
			};
			name = Debug;
		};
		049C3C1A2566F54600176456 /* Release */ = {
			isa = XCBuildConfiguration;
			buildSettings = {
				ALWAYS_SEARCH_USER_PATHS = NO;
				CLANG_ANALYZER_NONNULL = YES;
				CLANG_ANALYZER_NUMBER_OBJECT_CONVERSION = YES_AGGRESSIVE;
				CLANG_CXX_LANGUAGE_STANDARD = "gnu++14";
				CLANG_CXX_LIBRARY = "libc++";
				CLANG_ENABLE_MODULES = YES;
				CLANG_ENABLE_OBJC_ARC = YES;
				CLANG_ENABLE_OBJC_WEAK = YES;
				CLANG_WARN_BLOCK_CAPTURE_AUTORELEASING = YES;
				CLANG_WARN_BOOL_CONVERSION = YES;
				CLANG_WARN_COMMA = YES;
				CLANG_WARN_CONSTANT_CONVERSION = YES;
				CLANG_WARN_DEPRECATED_OBJC_IMPLEMENTATIONS = YES;
				CLANG_WARN_DIRECT_OBJC_ISA_USAGE = YES_ERROR;
				CLANG_WARN_DOCUMENTATION_COMMENTS = YES;
				CLANG_WARN_EMPTY_BODY = YES;
				CLANG_WARN_ENUM_CONVERSION = YES;
				CLANG_WARN_INFINITE_RECURSION = YES;
				CLANG_WARN_INT_CONVERSION = YES;
				CLANG_WARN_NON_LITERAL_NULL_CONVERSION = YES;
				CLANG_WARN_OBJC_IMPLICIT_RETAIN_SELF = YES;
				CLANG_WARN_OBJC_LITERAL_CONVERSION = YES;
				CLANG_WARN_OBJC_ROOT_CLASS = YES_ERROR;
				CLANG_WARN_RANGE_LOOP_ANALYSIS = YES;
				CLANG_WARN_STRICT_PROTOTYPES = YES;
				CLANG_WARN_SUSPICIOUS_MOVE = YES;
				CLANG_WARN_UNGUARDED_AVAILABILITY = YES_AGGRESSIVE;
				CLANG_WARN_UNREACHABLE_CODE = YES;
				CLANG_WARN__DUPLICATE_METHOD_MATCH = YES;
				COPY_PHASE_STRIP = NO;
				DEBUG_INFORMATION_FORMAT = "dwarf-with-dsym";
				ENABLE_NS_ASSERTIONS = NO;
				ENABLE_STRICT_OBJC_MSGSEND = YES;
				GCC_C_LANGUAGE_STANDARD = gnu11;
				GCC_NO_COMMON_BLOCKS = YES;
				GCC_WARN_64_TO_32_BIT_CONVERSION = YES;
				GCC_WARN_ABOUT_RETURN_TYPE = YES_ERROR;
				GCC_WARN_UNDECLARED_SELECTOR = YES;
				GCC_WARN_UNINITIALIZED_AUTOS = YES_AGGRESSIVE;
				GCC_WARN_UNUSED_FUNCTION = YES;
				GCC_WARN_UNUSED_VARIABLE = YES;
				IPHONEOS_DEPLOYMENT_TARGET = 13.2;
				MTL_ENABLE_DEBUG_INFO = NO;
				MTL_FAST_MATH = YES;
				SDKROOT = iphoneos;
				SWIFT_COMPILATION_MODE = wholemodule;
				SWIFT_OPTIMIZATION_LEVEL = "-O";
				VALIDATE_PRODUCT = YES;
			};
			name = Release;
		};
		049C3C1C2566F54600176456 /* Debug */ = {
			isa = XCBuildConfiguration;
			buildSettings = {
				ASSETCATALOG_COMPILER_APPICON_NAME = AppIcon;
				CODE_SIGN_STYLE = Automatic;
				DEVELOPMENT_TEAM = 55XABWX86U;
				INFOPLIST_FILE = "Pick-A-Path/Info.plist";
				LD_RUNPATH_SEARCH_PATHS = (
					"$(inherited)",
					"@executable_path/Frameworks",
				);
				PRODUCT_BUNDLE_IDENTIFIER = "algonquin.Pick-A-Path";
				PRODUCT_NAME = "$(TARGET_NAME)";
				SWIFT_VERSION = 5.0;
				TARGETED_DEVICE_FAMILY = "1,2";
			};
			name = Debug;
		};
		049C3C1D2566F54600176456 /* Release */ = {
			isa = XCBuildConfiguration;
			buildSettings = {
				ASSETCATALOG_COMPILER_APPICON_NAME = AppIcon;
				CODE_SIGN_STYLE = Automatic;
				DEVELOPMENT_TEAM = 55XABWX86U;
				INFOPLIST_FILE = "Pick-A-Path/Info.plist";
				LD_RUNPATH_SEARCH_PATHS = (
					"$(inherited)",
					"@executable_path/Frameworks",
				);
				PRODUCT_BUNDLE_IDENTIFIER = "algonquin.Pick-A-Path";
				PRODUCT_NAME = "$(TARGET_NAME)";
				SWIFT_VERSION = 5.0;
				TARGETED_DEVICE_FAMILY = "1,2";
			};
			name = Release;
		};
		049C3C1F2566F54600176456 /* Debug */ = {
			isa = XCBuildConfiguration;
			buildSettings = {
				ALWAYS_EMBED_SWIFT_STANDARD_LIBRARIES = YES;
				BUNDLE_LOADER = "$(TEST_HOST)";
				CODE_SIGN_STYLE = Automatic;
				DEVELOPMENT_TEAM = 55XABWX86U;
				INFOPLIST_FILE = "Pick-A-PathTests/Info.plist";
				IPHONEOS_DEPLOYMENT_TARGET = 13.2;
				LD_RUNPATH_SEARCH_PATHS = (
					"$(inherited)",
					"@executable_path/Frameworks",
					"@loader_path/Frameworks",
				);
				PRODUCT_BUNDLE_IDENTIFIER = "algonquin.Pick-A-PathTests";
				PRODUCT_NAME = "$(TARGET_NAME)";
				SWIFT_VERSION = 5.0;
				TARGETED_DEVICE_FAMILY = "1,2";
				TEST_HOST = "$(BUILT_PRODUCTS_DIR)/Pick-A-Path.app/Pick-A-Path";
			};
			name = Debug;
		};
		049C3C202566F54600176456 /* Release */ = {
			isa = XCBuildConfiguration;
			buildSettings = {
				ALWAYS_EMBED_SWIFT_STANDARD_LIBRARIES = YES;
				BUNDLE_LOADER = "$(TEST_HOST)";
				CODE_SIGN_STYLE = Automatic;
				DEVELOPMENT_TEAM = 55XABWX86U;
				INFOPLIST_FILE = "Pick-A-PathTests/Info.plist";
				IPHONEOS_DEPLOYMENT_TARGET = 13.2;
				LD_RUNPATH_SEARCH_PATHS = (
					"$(inherited)",
					"@executable_path/Frameworks",
					"@loader_path/Frameworks",
				);
				PRODUCT_BUNDLE_IDENTIFIER = "algonquin.Pick-A-PathTests";
				PRODUCT_NAME = "$(TARGET_NAME)";
				SWIFT_VERSION = 5.0;
				TARGETED_DEVICE_FAMILY = "1,2";
				TEST_HOST = "$(BUILT_PRODUCTS_DIR)/Pick-A-Path.app/Pick-A-Path";
			};
			name = Release;
		};
		049C3C222566F54600176456 /* Debug */ = {
			isa = XCBuildConfiguration;
			buildSettings = {
				ALWAYS_EMBED_SWIFT_STANDARD_LIBRARIES = YES;
				CODE_SIGN_STYLE = Automatic;
				DEVELOPMENT_TEAM = 55XABWX86U;
				INFOPLIST_FILE = "Pick-A-PathUITests/Info.plist";
				LD_RUNPATH_SEARCH_PATHS = (
					"$(inherited)",
					"@executable_path/Frameworks",
					"@loader_path/Frameworks",
				);
				PRODUCT_BUNDLE_IDENTIFIER = "algonquin.Pick-A-PathUITests";
				PRODUCT_NAME = "$(TARGET_NAME)";
				SWIFT_VERSION = 5.0;
				TARGETED_DEVICE_FAMILY = "1,2";
				TEST_TARGET_NAME = "Pick-A-Path";
			};
			name = Debug;
		};
		049C3C232566F54600176456 /* Release */ = {
			isa = XCBuildConfiguration;
			buildSettings = {
				ALWAYS_EMBED_SWIFT_STANDARD_LIBRARIES = YES;
				CODE_SIGN_STYLE = Automatic;
				DEVELOPMENT_TEAM = 55XABWX86U;
				INFOPLIST_FILE = "Pick-A-PathUITests/Info.plist";
				LD_RUNPATH_SEARCH_PATHS = (
					"$(inherited)",
					"@executable_path/Frameworks",
					"@loader_path/Frameworks",
				);
				PRODUCT_BUNDLE_IDENTIFIER = "algonquin.Pick-A-PathUITests";
				PRODUCT_NAME = "$(TARGET_NAME)";
				SWIFT_VERSION = 5.0;
				TARGETED_DEVICE_FAMILY = "1,2";
				TEST_TARGET_NAME = "Pick-A-Path";
			};
			name = Release;
		};
/* End XCBuildConfiguration section */

/* Begin XCConfigurationList section */
		049C3BEC2566F54300176456 /* Build configuration list for PBXProject "Pick-A-Path" */ = {
			isa = XCConfigurationList;
			buildConfigurations = (
				049C3C192566F54600176456 /* Debug */,
				049C3C1A2566F54600176456 /* Release */,
			);
			defaultConfigurationIsVisible = 0;
			defaultConfigurationName = Release;
		};
		049C3C1B2566F54600176456 /* Build configuration list for PBXNativeTarget "Pick-A-Path" */ = {
			isa = XCConfigurationList;
			buildConfigurations = (
				049C3C1C2566F54600176456 /* Debug */,
				049C3C1D2566F54600176456 /* Release */,
			);
			defaultConfigurationIsVisible = 0;
			defaultConfigurationName = Release;
		};
		049C3C1E2566F54600176456 /* Build configuration list for PBXNativeTarget "Pick-A-PathTests" */ = {
			isa = XCConfigurationList;
			buildConfigurations = (
				049C3C1F2566F54600176456 /* Debug */,
				049C3C202566F54600176456 /* Release */,
			);
			defaultConfigurationIsVisible = 0;
			defaultConfigurationName = Release;
		};
		049C3C212566F54600176456 /* Build configuration list for PBXNativeTarget "Pick-A-PathUITests" */ = {
			isa = XCConfigurationList;
			buildConfigurations = (
				049C3C222566F54600176456 /* Debug */,
				049C3C232566F54600176456 /* Release */,
			);
			defaultConfigurationIsVisible = 0;
			defaultConfigurationName = Release;
		};
/* End XCConfigurationList section */
	};
	rootObject = 049C3BE92566F54300176456 /* Project object */;
}
